
Microsoft Visual Studio Solution File, Format Version 12.00
# Visual Studio Version 16
VisualStudioVersion = 16.0.31624.102
MinimumVisualStudioVersion = 10.0.40219.1
Project("{FAE04EC0-301F-11D3-BF4B-00C04F79EFBC}") = "Localization", "Localization.csproj", "{DC2A4537-E8F0-4505-91D3-A6A2280DAD6F}"
EndProject
Global
	GlobalSection(SolutionConfigurationPlatforms) = preSolution
		Debug|Any CPU = Debug|Any CPU
		Release|Any CPU = Release|Any CPU
	EndGlobalSection
	GlobalSection(ProjectConfigurationPlatforms) = postSolution
		{DC2A4537-E8F0-4505-91D3-A6A2280DAD6F}.Debug|Any CPU.ActiveCfg = Debug|Any CPU
		{DC2A4537-E8F0-4505-91D3-A6A2280DAD6F}.Debug|Any CPU.Build.0 = Debug|Any CPU
		{DC2A4537-E8F0-4505-91D3-A6A2280DAD6F}.Release|Any CPU.ActiveCfg = Release|Any CPU
		{DC2A4537-E8F0-4505-91D3-A6A2280DAD6F}.Release|Any CPU.Build.0 = Release|Any CPU
	EndGlobalSection
	GlobalSection(SolutionProperties) = preSolution
		HideSolutionNode = FALSE
	EndGlobalSection
	GlobalSection(ExtensibilityGlobals) = postSolution
		SolutionGuid = {6D9762D0-BBE5-4414-874F-374AB8679554}
	EndGlobalSection
EndGlobal
